
Microsoft Visual Studio Solution File, Format Version 12.00
# Visual Studio Version 16
VisualStudioVersion = 16.0.31129.286
MinimumVisualStudioVersion = 10.0.40219.1
Project("{FAE04EC0-301F-11D3-BF4B-00C04F79EFBC}") = "BatterySlotFixer", "BatterySlotFixer\BatterySlotFixer.csproj", "{191AF0C2-D89D-4A41-897F-D5DC0AC916A4}"
EndProject
Global
	GlobalSection(SolutionConfigurationPlatforms) = preSolution
		Debug|Any CPU = Debug|Any CPU
		Release|Any CPU = Release|Any CPU
	EndGlobalSection
	GlobalSection(ProjectConfigurationPlatforms) = postSolution
		{191AF0C2-D89D-4A41-897F-D5DC0AC916A4}.Debug|Any CPU.ActiveCfg = Debug|Any CPU
		{191AF0C2-D89D-4A41-897F-D5DC0AC916A4}.Debug|Any CPU.Build.0 = Debug|Any CPU
		{191AF0C2-D89D-4A41-897F-D5DC0AC916A4}.Release|Any CPU.ActiveCfg = Release|Any CPU
		{191AF0C2-D89D-4A41-897F-D5DC0AC916A4}.Release|Any CPU.Build.0 = Release|Any CPU
	EndGlobalSection
	GlobalSection(SolutionProperties) = preSolution
		HideSolutionNode = FALSE
	EndGlobalSection
	GlobalSection(ExtensibilityGlobals) = postSolution
		SolutionGuid = {67A4BFDA-CA07-4392-A173-36012184D029}
	EndGlobalSection
EndGlobal
